
Microsoft Visual Studio Solution File, Format Version 12.00
# Visual Studio Express 2012 for Windows Desktop
Project("{FAE04EC0-301F-11D3-BF4B-00C04F79EFBC}") = "PegGame", "PegGame\PegGame.csproj", "{C082D1EA-E751-41FF-A455-D5F0143ED133}"
EndProject
Global
	GlobalSection(SolutionConfigurationPlatforms) = preSolution
		Debug|Any CPU = Debug|Any CPU
		Release|Any CPU = Release|Any CPU
	EndGlobalSection
	GlobalSection(ProjectConfigurationPlatforms) = postSolution
		{C082D1EA-E751-41FF-A455-D5F0143ED133}.Debug|Any CPU.ActiveCfg = Debug|Any CPU
		{C082D1EA-E751-41FF-A455-D5F0143ED133}.Debug|Any CPU.Build.0 = Debug|Any CPU
		{C082D1EA-E751-41FF-A455-D5F0143ED133}.Release|Any CPU.ActiveCfg = Release|Any CPU
		{C082D1EA-E751-41FF-A455-D5F0143ED133}.Release|Any CPU.Build.0 = Release|Any CPU
	EndGlobalSection
	GlobalSection(SolutionProperties) = preSolution
		HideSolutionNode = FALSE
	EndGlobalSection
EndGlobal
